
Microsoft Visual Studio Solution File, Format Version 12.00
# Visual Studio 2013
VisualStudioVersion = 12.0.21005.1
MinimumVisualStudioVersion = 10.0.40219.1
Project("{FAE04EC0-301F-11D3-BF4B-00C04F79EFBC}") = "Replicator_NS", "Replicator_NS\Replicator_NS.csproj", "{596527E7-F8A0-41A5-B14C-2A05A7726F66}"
EndProject
Project("{FAE04EC0-301F-11D3-BF4B-00C04F79EFBC}") = "ReplicatorService", "ReplicatorService\ReplicatorService.csproj", "{209270B7-C3CA-4E2B-B0C6-C52D82FB3F48}"
EndProject
Project("{FAE04EC0-301F-11D3-BF4B-00C04F79EFBC}") = "ReplicatorTests", "ReplicatorTests\ReplicatorTests.csproj", "{09D9E88B-9B0A-4842-926E-911AEC3BC741}"
EndProject
Project("{FAE04EC0-301F-11D3-BF4B-00C04F79EFBC}") = "Replicator", "Replicator\Replicator.csproj", "{DFD64E42-4DA5-4ADE-9DBE-6E2BAC08FFBC}"
EndProject
Global
	GlobalSection(SolutionConfigurationPlatforms) = preSolution
		Debug|Any CPU = Debug|Any CPU
		Release|Any CPU = Release|Any CPU
	EndGlobalSection
	GlobalSection(ProjectConfigurationPlatforms) = postSolution
		{596527E7-F8A0-41A5-B14C-2A05A7726F66}.Debug|Any CPU.ActiveCfg = Debug|Any CPU
		{596527E7-F8A0-41A5-B14C-2A05A7726F66}.Debug|Any CPU.Build.0 = Debug|Any CPU
		{596527E7-F8A0-41A5-B14C-2A05A7726F66}.Release|Any CPU.ActiveCfg = Release|Any CPU
		{596527E7-F8A0-41A5-B14C-2A05A7726F66}.Release|Any CPU.Build.0 = Release|Any CPU
		{209270B7-C3CA-4E2B-B0C6-C52D82FB3F48}.Debug|Any CPU.ActiveCfg = Debug|Any CPU
		{209270B7-C3CA-4E2B-B0C6-C52D82FB3F48}.Debug|Any CPU.Build.0 = Debug|Any CPU
		{209270B7-C3CA-4E2B-B0C6-C52D82FB3F48}.Release|Any CPU.ActiveCfg = Release|Any CPU
		{209270B7-C3CA-4E2B-B0C6-C52D82FB3F48}.Release|Any CPU.Build.0 = Release|Any CPU
		{09D9E88B-9B0A-4842-926E-911AEC3BC741}.Debug|Any CPU.ActiveCfg = Debug|Any CPU
		{09D9E88B-9B0A-4842-926E-911AEC3BC741}.Debug|Any CPU.Build.0 = Debug|Any CPU
		{09D9E88B-9B0A-4842-926E-911AEC3BC741}.Release|Any CPU.ActiveCfg = Release|Any CPU
		{09D9E88B-9B0A-4842-926E-911AEC3BC741}.Release|Any CPU.Build.0 = Release|Any CPU
		{DFD64E42-4DA5-4ADE-9DBE-6E2BAC08FFBC}.Debug|Any CPU.ActiveCfg = Debug|Any CPU
		{DFD64E42-4DA5-4ADE-9DBE-6E2BAC08FFBC}.Debug|Any CPU.Build.0 = Debug|Any CPU
		{DFD64E42-4DA5-4ADE-9DBE-6E2BAC08FFBC}.Release|Any CPU.ActiveCfg = Release|Any CPU
		{DFD64E42-4DA5-4ADE-9DBE-6E2BAC08FFBC}.Release|Any CPU.Build.0 = Release|Any CPU
	EndGlobalSection
	GlobalSection(SolutionProperties) = preSolution
		HideSolutionNode = FALSE
	EndGlobalSection
EndGlobal
